
Microsoft Visual Studio Solution File, Format Version 12.00
# Visual Studio Version 17
VisualStudioVersion = 17.10.35027.167
MinimumVisualStudioVersion = 10.0.40219.1
Project("{FAE04EC0-301F-11D3-BF4B-00C04F79EFBC}") = "MathGames", "MathGames\MathGames.csproj", "{08CC00E5-B526-4F32-816A-2882BF03CDDE}"
EndProject
Global
	GlobalSection(SolutionConfigurationPlatforms) = preSolution
		Debug|Any CPU = Debug|Any CPU
		Release|Any CPU = Release|Any CPU
	EndGlobalSection
	GlobalSection(ProjectConfigurationPlatforms) = postSolution
		{08CC00E5-B526-4F32-816A-2882BF03CDDE}.Debug|Any CPU.ActiveCfg = Debug|Any CPU
		{08CC00E5-B526-4F32-816A-2882BF03CDDE}.Debug|Any CPU.Build.0 = Debug|Any CPU
		{08CC00E5-B526-4F32-816A-2882BF03CDDE}.Release|Any CPU.ActiveCfg = Release|Any CPU
		{08CC00E5-B526-4F32-816A-2882BF03CDDE}.Release|Any CPU.Build.0 = Release|Any CPU
	EndGlobalSection
	GlobalSection(SolutionProperties) = preSolution
		HideSolutionNode = FALSE
	EndGlobalSection
	GlobalSection(ExtensibilityGlobals) = postSolution
		SolutionGuid = {8BE320A4-D3D2-46C0-BD97-5CEFE00E91CC}
	EndGlobalSection
EndGlobal
